{
  "version": 4,
  "terraform_version": "1.9.5",
  "serial": 8,
  "lineage": "24ddadd4-a66b-26a8-a12c-6f31fabe2553",
  "outputs": {},
  "resources": [
    {
      "mode": "managed",
      "type": "spotify_playlist",
      "name": "Bolliwod_playlist",
      "provider": "provider[\"registry.terraform.io/conradludgate/spotify\"]",
      "instances": [
        {
          "schema_version": 0,
          "attributes": {
            "description": "",
            "id": "4jtS3gwaUKfnKlGoFqeGvE",
            "name": "AkshyKumar playlist",
            "public": true,
            "snapshot_id": "AAAAAiA2/vj83e6QHMEIRRNYBnYc6Fdg",
            "tracks": [
              "0nUDc18ivjvaNEGh7iJKck"
            ]
          },
          "sensitive_attributes": [],
          "private": "bnVsbA=="
        }
      ]
    }
  ],
  "check_results": null
}
